// !$*UTF8*$!
{
	archiveVersion = 1;
	classes = {
	};
	objectVersion = 46;
	objects = {

/* Begin PBXBuildFile section */
		C8080C2F18E60A00002E9447 /* Foundation.framework in Frameworks */ = {isa = PBXBuildFile; fileRef = C8080C2E18E60A00002E9447 /* Foundation.framework */; };
		C8080C3118E60A00002E9447 /* CoreGraphics.framework in Frameworks */ = {isa = PBXBuildFile; fileRef = C8080C3018E60A00002E9447 /* CoreGraphics.framework */; };
		C8080C3318E60A00002E9447 /* UIKit.framework in Frameworks */ = {isa = PBXBuildFile; fileRef = C8080C3218E60A00002E9447 /* UIKit.framework */; };
		C8080C3918E60A00002E9447 /* InfoPlist.strings in Resources */ = {isa = PBXBuildFile; fileRef = C8080C3718E60A00002E9447 /* InfoPlist.strings */; };
		C8080C3B18E60A00002E9447 /* main.m in Sources */ = {isa = PBXBuildFile; fileRef = C8080C3A18E60A00002E9447 /* main.m */; };
		C8080C3F18E60A01002E9447 /* NAAppDelegate.m in Sources */ = {isa = PBXBuildFile; fileRef = C8080C3E18E60A01002E9447 /* NAAppDelegate.m */; };
		C8080C4118E60A01002E9447 /* Images.xcassets in Resources */ = {isa = PBXBuildFile; fileRef = C8080C4018E60A01002E9447 /* Images.xcassets */; };
		C8080C4818E60A01002E9447 /* XCTest.framework in Frameworks */ = {isa = PBXBuildFile; fileRef = C8080C4718E60A01002E9447 /* XCTest.framework */; };
		C8080C4918E60A01002E9447 /* Foundation.framework in Frameworks */ = {isa = PBXBuildFile; fileRef = C8080C2E18E60A00002E9447 /* Foundation.framework */; };
		C8080C4A18E60A01002E9447 /* UIKit.framework in Frameworks */ = {isa = PBXBuildFile; fileRef = C8080C3218E60A00002E9447 /* UIKit.framework */; };
		C8080C5218E60A01002E9447 /* InfoPlist.strings in Resources */ = {isa = PBXBuildFile; fileRef = C8080C5018E60A01002E9447 /* InfoPlist.strings */; };
		C8080C5418E60A01002E9447 /* airflickTests.m in Sources */ = {isa = PBXBuildFile; fileRef = C8080C5318E60A01002E9447 /* airflickTests.m */; };
		C8080C6318E60EB6002E9447 /* NAMainViewController.m in Sources */ = {isa = PBXBuildFile; fileRef = C8080C6118E60EB6002E9447 /* NAMainViewController.m */; };
		C8080C6418E60EB6002E9447 /* NAMainViewController.xib in Resources */ = {isa = PBXBuildFile; fileRef = C8080C6218E60EB6002E9447 /* NAMainViewController.xib */; };
		C817BE9318FB0ABE0088750F /* NAColorsClass.m in Sources */ = {isa = PBXBuildFile; fileRef = C817BE9218FB0ABE0088750F /* NAColorsClass.m */; };
		C817BE9718FB17940088750F /* NAColorSelectorViewController.m in Sources */ = {isa = PBXBuildFile; fileRef = C817BE9518FB17940088750F /* NAColorSelectorViewController.m */; };
		C817BE9818FB17940088750F /* NAColorSelectorViewController.xib in Resources */ = {isa = PBXBuildFile; fileRef = C817BE9618FB17940088750F /* NAColorSelectorViewController.xib */; };
		C817BE9B18FB8BC50088750F /* UIColor+Expanded.m in Sources */ = {isa = PBXBuildFile; fileRef = C817BE9A18FB8BC50088750F /* UIColor+Expanded.m */; };
		C87EFB0818F33DB100913968 /* NARoomViewController.m in Sources */ = {isa = PBXBuildFile; fileRef = C87EFB0618F33DB100913968 /* NARoomViewController.m */; };
		C87EFB0918F33DB100913968 /* NARoomViewController.xib in Resources */ = {isa = PBXBuildFile; fileRef = C87EFB0718F33DB100913968 /* NARoomViewController.xib */; };
		C8A0B6C818ECBD7300639917 /* NACard.m in Sources */ = {isa = PBXBuildFile; fileRef = C8A0B6C718ECBD7300639917 /* NACard.m */; };
		C8A4402C19167AD1000E5CF4 /* QuartzCore.framework in Frameworks */ = {isa = PBXBuildFile; fileRef = C8A4402B19167AD1000E5CF4 /* QuartzCore.framework */; settings = {ATTRIBUTES = (Required, ); }; };
		C8C5A04F1914972100B182E5 /* NARoomView.m in Sources */ = {isa = PBXBuildFile; fileRef = C8C5A04E1914972100B182E5 /* NARoomView.m */; };
/* End PBXBuildFile section */

/* Begin PBXContainerItemProxy section */
		C8080C4B18E60A01002E9447 /* PBXContainerItemProxy */ = {
			isa = PBXContainerItemProxy;
			containerPortal = C8080C2318E60A00002E9447 /* Project object */;
			proxyType = 1;
			remoteGlobalIDString = C8080C2A18E60A00002E9447;
			remoteInfo = airflick;
		};
/* End PBXContainerItemProxy section */

/* Begin PBXFileReference section */
		C8080C2B18E60A00002E9447 /* airflick.app */ = {isa = PBXFileReference; explicitFileType = wrapper.application; includeInIndex = 0; path = airflick.app; sourceTree = BUILT_PRODUCTS_DIR; };
		C8080C2E18E60A00002E9447 /* Foundation.framework */ = {isa = PBXFileReference; lastKnownFileType = wrapper.framework; name = Foundation.framework; path = System/Library/Frameworks/Foundation.framework; sourceTree = SDKROOT; };
		C8080C3018E60A00002E9447 /* CoreGraphics.framework */ = {isa = PBXFileReference; lastKnownFileType = wrapper.framework; name = CoreGraphics.framework; path = System/Library/Frameworks/CoreGraphics.framework; sourceTree = SDKROOT; };
		C8080C3218E60A00002E9447 /* UIKit.framework */ = {isa = PBXFileReference; lastKnownFileType = wrapper.framework; name = UIKit.framework; path = System/Library/Frameworks/UIKit.framework; sourceTree = SDKROOT; };
		C8080C3618E60A00002E9447 /* airflick-Info.plist */ = {isa = PBXFileReference; lastKnownFileType = text.plist.xml; path = "airflick-Info.plist"; sourceTree = "<group>"; };
		C8080C3818E60A00002E9447 /* en */ = {isa = PBXFileReference; lastKnownFileType = text.plist.strings; name = en; path = en.lproj/InfoPlist.strings; sourceTree = "<group>"; };
		C8080C3A18E60A00002E9447 /* main.m */ = {isa = PBXFileReference; lastKnownFileType = sourcecode.c.objc; path = main.m; sourceTree = "<group>"; };
		C8080C3C18E60A00002E9447 /* airflick-Prefix.pch */ = {isa = PBXFileReference; lastKnownFileType = sourcecode.c.h; path = "airflick-Prefix.pch"; sourceTree = "<group>"; };
		C8080C3D18E60A00002E9447 /* NAAppDelegate.h */ = {isa = PBXFileReference; lastKnownFileType = sourcecode.c.h; path = NAAppDelegate.h; sourceTree = "<group>"; };
		C8080C3E18E60A01002E9447 /* NAAppDelegate.m */ = {isa = PBXFileReference; lastKnownFileType = sourcecode.c.objc; path = NAAppDelegate.m; sourceTree = "<group>"; };
		C8080C4018E60A01002E9447 /* Images.xcassets */ = {isa = PBXFileReference; lastKnownFileType = folder.assetcatalog; path = Images.xcassets; sourceTree = "<group>"; };
		C8080C4618E60A01002E9447 /* airflickTests.xctest */ = {isa = PBXFileReference; explicitFileType = wrapper.cfbundle; includeInIndex = 0; path = airflickTests.xctest; sourceTree = BUILT_PRODUCTS_DIR; };
		C8080C4718E60A01002E9447 /* XCTest.framework */ = {isa = PBXFileReference; lastKnownFileType = wrapper.framework; name = XCTest.framework; path = Library/Frameworks/XCTest.framework; sourceTree = DEVELOPER_DIR; };
		C8080C4F18E60A01002E9447 /* airflickTests-Info.plist */ = {isa = PBXFileReference; lastKnownFileType = text.plist.xml; path = "airflickTests-Info.plist"; sourceTree = "<group>"; };
		C8080C5118E60A01002E9447 /* en */ = {isa = PBXFileReference; lastKnownFileType = text.plist.strings; name = en; path = en.lproj/InfoPlist.strings; sourceTree = "<group>"; };
		C8080C5318E60A01002E9447 /* airflickTests.m */ = {isa = PBXFileReference; lastKnownFileType = sourcecode.c.objc; path = airflickTests.m; sourceTree = "<group>"; };
		C8080C6018E60EB6002E9447 /* NAMainViewController.h */ = {isa = PBXFileReference; fileEncoding = 4; lastKnownFileType = sourcecode.c.h; path = NAMainViewController.h; sourceTree = "<group>"; };
		C8080C6118E60EB6002E9447 /* NAMainViewController.m */ = {isa = PBXFileReference; fileEncoding = 4; lastKnownFileType = sourcecode.c.objc; path = NAMainViewController.m; sourceTree = "<group>"; };
		C8080C6218E60EB6002E9447 /* NAMainViewController.xib */ = {isa = PBXFileReference; fileEncoding = 4; lastKnownFileType = file.xib; path = NAMainViewController.xib; sourceTree = "<group>"; };
		C817BE9118FB0ABE0088750F /* NAColorsClass.h */ = {isa = PBXFileReference; fileEncoding = 4; lastKnownFileType = sourcecode.c.h; path = NAColorsClass.h; sourceTree = "<group>"; };
		C817BE9218FB0ABE0088750F /* NAColorsClass.m */ = {isa = PBXFileReference; fileEncoding = 4; lastKnownFileType = sourcecode.c.objc; path = NAColorsClass.m; sourceTree = "<group>"; };
		C817BE9418FB17940088750F /* NAColorSelectorViewController.h */ = {isa = PBXFileReference; fileEncoding = 4; lastKnownFileType = sourcecode.c.h; path = NAColorSelectorViewController.h; sourceTree = "<group>"; };
		C817BE9518FB17940088750F /* NAColorSelectorViewController.m */ = {isa = PBXFileReference; fileEncoding = 4; lastKnownFileType = sourcecode.c.objc; path = NAColorSelectorViewController.m; sourceTree = "<group>"; };
		C817BE9618FB17940088750F /* NAColorSelectorViewController.xib */ = {isa = PBXFileReference; fileEncoding = 4; lastKnownFileType = file.xib; path = NAColorSelectorViewController.xib; sourceTree = "<group>"; };
		C817BE9918FB8BC50088750F /* UIColor+Expanded.h */ = {isa = PBXFileReference; fileEncoding = 4; lastKnownFileType = sourcecode.c.h; path = "UIColor+Expanded.h"; sourceTree = "<group>"; };
		C817BE9A18FB8BC50088750F /* UIColor+Expanded.m */ = {isa = PBXFileReference; fileEncoding = 4; lastKnownFileType = sourcecode.c.objc; path = "UIColor+Expanded.m"; sourceTree = "<group>"; };
		C82BE44418FC609F009FB7AC /* AudioToolbox.framework */ = {isa = PBXFileReference; lastKnownFileType = wrapper.framework; name = AudioToolbox.framework; path = System/Library/Frameworks/AudioToolbox.framework; sourceTree = SDKROOT; };
		C87EFB0518F33DB100913968 /* NARoomViewController.h */ = {isa = PBXFileReference; fileEncoding = 4; lastKnownFileType = sourcecode.c.h; path = NARoomViewController.h; sourceTree = "<group>"; };
		C87EFB0618F33DB100913968 /* NARoomViewController.m */ = {isa = PBXFileReference; fileEncoding = 4; lastKnownFileType = sourcecode.c.objc; path = NARoomViewController.m; sourceTree = "<group>"; };
		C87EFB0718F33DB100913968 /* NARoomViewController.xib */ = {isa = PBXFileReference; fileEncoding = 4; lastKnownFileType = file.xib; path = NARoomViewController.xib; sourceTree = "<group>"; };
		C8A0B6C618ECBD7300639917 /* NACard.h */ = {isa = PBXFileReference; fileEncoding = 4; lastKnownFileType = sourcecode.c.h; path = NACard.h; sourceTree = "<group>"; };
		C8A0B6C718ECBD7300639917 /* NACard.m */ = {isa = PBXFileReference; fileEncoding = 4; lastKnownFileType = sourcecode.c.objc; path = NACard.m; sourceTree = "<group>"; };
		C8A4402B19167AD1000E5CF4 /* QuartzCore.framework */ = {isa = PBXFileReference; lastKnownFileType = wrapper.framework; name = QuartzCore.framework; path = System/Library/Frameworks/QuartzCore.framework; sourceTree = SDKROOT; };
		C8C5A04D1914972100B182E5 /* NARoomView.h */ = {isa = PBXFileReference; fileEncoding = 4; lastKnownFileType = sourcecode.c.h; path = NARoomView.h; sourceTree = "<group>"; };
		C8C5A04E1914972100B182E5 /* NARoomView.m */ = {isa = PBXFileReference; fileEncoding = 4; lastKnownFileType = sourcecode.c.objc; path = NARoomView.m; sourceTree = "<group>"; };
/* End PBXFileReference section */

/* Begin PBXFrameworksBuildPhase section */
		C8080C2818E60A00002E9447 /* Frameworks */ = {
			isa = PBXFrameworksBuildPhase;
			buildActionMask = 2147483647;
			files = (
				C8A4402C19167AD1000E5CF4 /* QuartzCore.framework in Frameworks */,
				C8080C3118E60A00002E9447 /* CoreGraphics.framework in Frameworks */,
				C8080C3318E60A00002E9447 /* UIKit.framework in Frameworks */,
				C8080C2F18E60A00002E9447 /* Foundation.framework in Frameworks */,
			);
			runOnlyForDeploymentPostprocessing = 0;
		};
		C8080C4318E60A01002E9447 /* Frameworks */ = {
			isa = PBXFrameworksBuildPhase;
			buildActionMask = 2147483647;
			files = (
				C8080C4818E60A01002E9447 /* XCTest.framework in Frameworks */,
				C8080C4A18E60A01002E9447 /* UIKit.framework in Frameworks */,
				C8080C4918E60A01002E9447 /* Foundation.framework in Frameworks */,
			);
			runOnlyForDeploymentPostprocessing = 0;
		};
/* End PBXFrameworksBuildPhase section */

/* Begin PBXGroup section */
		C8080C2218E60A00002E9447 = {
			isa = PBXGroup;
			children = (
				C8080C3418E60A00002E9447 /* airflick */,
				C8080C4D18E60A01002E9447 /* airflickTests */,
				C8080C2D18E60A00002E9447 /* Frameworks */,
				C8080C2C18E60A00002E9447 /* Products */,
			);
			sourceTree = "<group>";
		};
		C8080C2C18E60A00002E9447 /* Products */ = {
			isa = PBXGroup;
			children = (
				C8080C2B18E60A00002E9447 /* airflick.app */,
				C8080C4618E60A01002E9447 /* airflickTests.xctest */,
			);
			name = Products;
			sourceTree = "<group>";
		};
		C8080C2D18E60A00002E9447 /* Frameworks */ = {
			isa = PBXGroup;
			children = (
				C8A4402B19167AD1000E5CF4 /* QuartzCore.framework */,
				C82BE44418FC609F009FB7AC /* AudioToolbox.framework */,
				C8080C2E18E60A00002E9447 /* Foundation.framework */,
				C8080C3018E60A00002E9447 /* CoreGraphics.framework */,
				C8080C3218E60A00002E9447 /* UIKit.framework */,
				C8080C4718E60A01002E9447 /* XCTest.framework */,
			);
			name = Frameworks;
			sourceTree = "<group>";
		};
		C8080C3418E60A00002E9447 /* airflick */ = {
			isa = PBXGroup;
			children = (
				C8080C3D18E60A00002E9447 /* NAAppDelegate.h */,
				C8080C3E18E60A01002E9447 /* NAAppDelegate.m */,
				C8080C4018E60A01002E9447 /* Images.xcassets */,
				C8080C3518E60A00002E9447 /* Supporting Files */,
				C8080C6018E60EB6002E9447 /* NAMainViewController.h */,
				C8080C6118E60EB6002E9447 /* NAMainViewController.m */,
				C8080C6218E60EB6002E9447 /* NAMainViewController.xib */,
				C817BE9418FB17940088750F /* NAColorSelectorViewController.h */,
				C817BE9518FB17940088750F /* NAColorSelectorViewController.m */,
				C817BE9618FB17940088750F /* NAColorSelectorViewController.xib */,
				C8A0B6C618ECBD7300639917 /* NACard.h */,
				C8A0B6C718ECBD7300639917 /* NACard.m */,
				C817BE9118FB0ABE0088750F /* NAColorsClass.h */,
				C817BE9218FB0ABE0088750F /* NAColorsClass.m */,
				C87EFB0518F33DB100913968 /* NARoomViewController.h */,
				C87EFB0618F33DB100913968 /* NARoomViewController.m */,
				C8C5A04D1914972100B182E5 /* NARoomView.h */,
				C8C5A04E1914972100B182E5 /* NARoomView.m */,
				C87EFB0718F33DB100913968 /* NARoomViewController.xib */,
				C817BE9918FB8BC50088750F /* UIColor+Expanded.h */,
				C817BE9A18FB8BC50088750F /* UIColor+Expanded.m */,
			);
			path = airflick;
			sourceTree = "<group>";
		};
		C8080C3518E60A00002E9447 /* Supporting Files */ = {
			isa = PBXGroup;
			children = (
				C8080C3618E60A00002E9447 /* airflick-Info.plist */,
				C8080C3718E60A00002E9447 /* InfoPlist.strings */,
				C8080C3A18E60A00002E9447 /* main.m */,
				C8080C3C18E60A00002E9447 /* airflick-Prefix.pch */,
			);
			name = "Supporting Files";
			sourceTree = "<group>";
		};
		C8080C4D18E60A01002E9447 /* airflickTests */ = {
			isa = PBXGroup;
			children = (
				C8080C5318E60A01002E9447 /* airflickTests.m */,
				C8080C4E18E60A01002E9447 /* Supporting Files */,
			);
			path = airflickTests;
			sourceTree = "<group>";
		};
		C8080C4E18E60A01002E9447 /* Supporting Files */ = {
			isa = PBXGroup;
			children = (
				C8080C4F18E60A01002E9447 /* airflickTests-Info.plist */,
				C8080C5018E60A01002E9447 /* InfoPlist.strings */,
			);
			name = "Supporting Files";
			sourceTree = "<group>";
		};
/* End PBXGroup section */

/* Begin PBXNativeTarget section */
		C8080C2A18E60A00002E9447 /* airflick */ = {
			isa = PBXNativeTarget;
			buildConfigurationList = C8080C5718E60A01002E9447 /* Build configuration list for PBXNativeTarget "airflick" */;
			buildPhases = (
				C8080C2718E60A00002E9447 /* Sources */,
				C8080C2818E60A00002E9447 /* Frameworks */,
				C8080C2918E60A00002E9447 /* Resources */,
			);
			buildRules = (
			);
			dependencies = (
			);
			name = airflick;
			productName = airflick;
			productReference = C8080C2B18E60A00002E9447 /* airflick.app */;
			productType = "com.apple.product-type.application";
		};
		C8080C4518E60A01002E9447 /* airflickTests */ = {
			isa = PBXNativeTarget;
			buildConfigurationList = C8080C5A18E60A01002E9447 /* Build configuration list for PBXNativeTarget "airflickTests" */;
			buildPhases = (
				C8080C4218E60A01002E9447 /* Sources */,
				C8080C4318E60A01002E9447 /* Frameworks */,
				C8080C4418E60A01002E9447 /* Resources */,
			);
			buildRules = (
			);
			dependencies = (
				C8080C4C18E60A01002E9447 /* PBXTargetDependency */,
			);
			name = airflickTests;
			productName = airflickTests;
			productReference = C8080C4618E60A01002E9447 /* airflickTests.xctest */;
			productType = "com.apple.product-type.bundle.unit-test";
		};
/* End PBXNativeTarget section */

/* Begin PBXProject section */
		C8080C2318E60A00002E9447 /* Project object */ = {
			isa = PBXProject;
			attributes = {
				CLASSPREFIX = NA;
				LastUpgradeCheck = 0510;
				ORGANIZATIONNAME = "Nonstop Akubara LLC";
				TargetAttributes = {
					C8080C2A18E60A00002E9447 = {
						DevelopmentTeam = 9F42XBADME;
					};
					C8080C4518E60A01002E9447 = {
						TestTargetID = C8080C2A18E60A00002E9447;
					};
				};
			};
			buildConfigurationList = C8080C2618E60A00002E9447 /* Build configuration list for PBXProject "airflick" */;
			compatibilityVersion = "Xcode 3.2";
			developmentRegion = English;
			hasScannedForEncodings = 0;
			knownRegions = (
				en,
			);
			mainGroup = C8080C2218E60A00002E9447;
			productRefGroup = C8080C2C18E60A00002E9447 /* Products */;
			projectDirPath = "";
			projectRoot = "";
			targets = (
				C8080C2A18E60A00002E9447 /* airflick */,
				C8080C4518E60A01002E9447 /* airflickTests */,
			);
		};
/* End PBXProject section */

/* Begin PBXResourcesBuildPhase section */
		C8080C2918E60A00002E9447 /* Resources */ = {
			isa = PBXResourcesBuildPhase;
			buildActionMask = 2147483647;
			files = (
				C87EFB0918F33DB100913968 /* NARoomViewController.xib in Resources */,
				C817BE9818FB17940088750F /* NAColorSelectorViewController.xib in Resources */,
				C8080C3918E60A00002E9447 /* InfoPlist.strings in Resources */,
				C8080C6418E60EB6002E9447 /* NAMainViewController.xib in Resources */,
				C8080C4118E60A01002E9447 /* Images.xcassets in Resources */,
			);
			runOnlyForDeploymentPostprocessing = 0;
		};
		C8080C4418E60A01002E9447 /* Resources */ = {
			isa = PBXResourcesBuildPhase;
			buildActionMask = 2147483647;
			files = (
				C8080C5218E60A01002E9447 /* InfoPlist.strings in Resources */,
			);
			runOnlyForDeploymentPostprocessing = 0;
		};
/* End PBXResourcesBuildPhase section */

/* Begin PBXSourcesBuildPhase section */
		C8080C2718E60A00002E9447 /* Sources */ = {
			isa = PBXSourcesBuildPhase;
			buildActionMask = 2147483647;
			files = (
				C8C5A04F1914972100B182E5 /* NARoomView.m in Sources */,
				C817BE9318FB0ABE0088750F /* NAColorsClass.m in Sources */,
				C8A0B6C818ECBD7300639917 /* NACard.m in Sources */,
				C8080C3B18E60A00002E9447 /* main.m in Sources */,
				C87EFB0818F33DB100913968 /* NARoomViewController.m in Sources */,
				C8080C3F18E60A01002E9447 /* NAAppDelegate.m in Sources */,
				C817BE9718FB17940088750F /* NAColorSelectorViewController.m in Sources */,
				C817BE9B18FB8BC50088750F /* UIColor+Expanded.m in Sources */,
				C8080C6318E60EB6002E9447 /* NAMainViewController.m in Sources */,
			);
			runOnlyForDeploymentPostprocessing = 0;
		};
		C8080C4218E60A01002E9447 /* Sources */ = {
			isa = PBXSourcesBuildPhase;
			buildActionMask = 2147483647;
			files = (
				C8080C5418E60A01002E9447 /* airflickTests.m in Sources */,
			);
			runOnlyForDeploymentPostprocessing = 0;
		};
/* End PBXSourcesBuildPhase section */

/* Begin PBXTargetDependency section */
		C8080C4C18E60A01002E9447 /* PBXTargetDependency */ = {
			isa = PBXTargetDependency;
			target = C8080C2A18E60A00002E9447 /* airflick */;
			targetProxy = C8080C4B18E60A01002E9447 /* PBXContainerItemProxy */;
		};
/* End PBXTargetDependency section */

/* Begin PBXVariantGroup section */
		C8080C3718E60A00002E9447 /* InfoPlist.strings */ = {
			isa = PBXVariantGroup;
			children = (
				C8080C3818E60A00002E9447 /* en */,
			);
			name = InfoPlist.strings;
			sourceTree = "<group>";
		};
		C8080C5018E60A01002E9447 /* InfoPlist.strings */ = {
			isa = PBXVariantGroup;
			children = (
				C8080C5118E60A01002E9447 /* en */,
			);
			name = InfoPlist.strings;
			sourceTree = "<group>";
		};
/* End PBXVariantGroup section */

/* Begin XCBuildConfiguration section */
		C8080C5518E60A01002E9447 /* Debug */ = {
			isa = XCBuildConfiguration;
			buildSettings = {
				ALWAYS_SEARCH_USER_PATHS = NO;
				CLANG_CXX_LANGUAGE_STANDARD = "gnu++0x";
				CLANG_CXX_LIBRARY = "libc++";
				CLANG_ENABLE_MODULES = YES;
				CLANG_ENABLE_OBJC_ARC = YES;
				CLANG_WARN_BOOL_CONVERSION = YES;
				CLANG_WARN_CONSTANT_CONVERSION = YES;
				CLANG_WARN_DIRECT_OBJC_ISA_USAGE = YES_ERROR;
				CLANG_WARN_EMPTY_BODY = YES;
				CLANG_WARN_ENUM_CONVERSION = YES;
				CLANG_WARN_INT_CONVERSION = YES;
				CLANG_WARN_OBJC_ROOT_CLASS = YES_ERROR;
				CLANG_WARN__DUPLICATE_METHOD_MATCH = YES;
				"CODE_SIGN_IDENTITY[sdk=iphoneos*]" = "iPhone Developer";
				COPY_PHASE_STRIP = NO;
				GCC_C_LANGUAGE_STANDARD = gnu99;
				GCC_DYNAMIC_NO_PIC = NO;
				GCC_OPTIMIZATION_LEVEL = 0;
				GCC_PREPROCESSOR_DEFINITIONS = (
					"DEBUG=1",
					"$(inherited)",
				);
				GCC_SYMBOLS_PRIVATE_EXTERN = NO;
				GCC_WARN_64_TO_32_BIT_CONVERSION = YES;
				GCC_WARN_ABOUT_RETURN_TYPE = YES_ERROR;
				GCC_WARN_UNDECLARED_SELECTOR = YES;
				GCC_WARN_UNINITIALIZED_AUTOS = YES_AGGRESSIVE;
				GCC_WARN_UNUSED_FUNCTION = YES;
				GCC_WARN_UNUSED_VARIABLE = YES;
				IPHONEOS_DEPLOYMENT_TARGET = 7.1;
				ONLY_ACTIVE_ARCH = YES;
				SDKROOT = iphoneos;
			};
			name = Debug;
		};
		C8080C5618E60A01002E9447 /* Release */ = {
			isa = XCBuildConfiguration;
			buildSettings = {
				ALWAYS_SEARCH_USER_PATHS = NO;
				CLANG_CXX_LANGUAGE_STANDARD = "gnu++0x";
				CLANG_CXX_LIBRARY = "libc++";
				CLANG_ENABLE_MODULES = YES;
				CLANG_ENABLE_OBJC_ARC = YES;
				CLANG_WARN_BOOL_CONVERSION = YES;
				CLANG_WARN_CONSTANT_CONVERSION = YES;
				CLANG_WARN_DIRECT_OBJC_ISA_USAGE = YES_ERROR;
				CLANG_WARN_EMPTY_BODY = YES;
				CLANG_WARN_ENUM_CONVERSION = YES;
				CLANG_WARN_INT_CONVERSION = YES;
				CLANG_WARN_OBJC_ROOT_CLASS = YES_ERROR;
				CLANG_WARN__DUPLICATE_METHOD_MATCH = YES;
				"CODE_SIGN_IDENTITY[sdk=iphoneos*]" = "iPhone Developer";
				COPY_PHASE_STRIP = YES;
				ENABLE_NS_ASSERTIONS = NO;
				GCC_C_LANGUAGE_STANDARD = gnu99;
				GCC_WARN_64_TO_32_BIT_CONVERSION = YES;
				GCC_WARN_ABOUT_RETURN_TYPE = YES_ERROR;
				GCC_WARN_UNDECLARED_SELECTOR = YES;
				GCC_WARN_UNINITIALIZED_AUTOS = YES_AGGRESSIVE;
				GCC_WARN_UNUSED_FUNCTION = YES;
				GCC_WARN_UNUSED_VARIABLE = YES;
				IPHONEOS_DEPLOYMENT_TARGET = 7.1;
				SDKROOT = iphoneos;
				VALIDATE_PRODUCT = YES;
			};
			name = Release;
		};
		C8080C5818E60A01002E9447 /* Debug */ = {
			isa = XCBuildConfiguration;
			buildSettings = {
				ASSETCATALOG_COMPILER_APPICON_NAME = AppIcon;
				ASSETCATALOG_COMPILER_LAUNCHIMAGE_NAME = LaunchImage;
				CODE_SIGN_IDENTITY = "iPhone Developer";
				GCC_PRECOMPILE_PREFIX_HEADER = YES;
				GCC_PREFIX_HEADER = "airflick/airflick-Prefix.pch";
				INFOPLIST_FILE = "airflick/airflick-Info.plist";
				IPHONEOS_DEPLOYMENT_TARGET = 7.1;
				PRODUCT_NAME = "$(TARGET_NAME)";
				WRAPPER_EXTENSION = app;
			};
			name = Debug;
		};
		C8080C5918E60A01002E9447 /* Release */ = {
			isa = XCBuildConfiguration;
			buildSettings = {
				ASSETCATALOG_COMPILER_APPICON_NAME = AppIcon;
				ASSETCATALOG_COMPILER_LAUNCHIMAGE_NAME = LaunchImage;
				CODE_SIGN_IDENTITY = "iPhone Developer";
				GCC_PRECOMPILE_PREFIX_HEADER = YES;
				GCC_PREFIX_HEADER = "airflick/airflick-Prefix.pch";
				INFOPLIST_FILE = "airflick/airflick-Info.plist";
				IPHONEOS_DEPLOYMENT_TARGET = 7.1;
				PRODUCT_NAME = "$(TARGET_NAME)";
				WRAPPER_EXTENSION = app;
			};
			name = Release;
		};
		C8080C5B18E60A01002E9447 /* Debug */ = {
			isa = XCBuildConfiguration;
			buildSettings = {
				BUNDLE_LOADER = "$(BUILT_PRODUCTS_DIR)/airflick.app/airflick";
				FRAMEWORK_SEARCH_PATHS = (
					"$(SDKROOT)/Developer/Library/Frameworks",
					"$(inherited)",
					"$(DEVELOPER_FRAMEWORKS_DIR)",
				);
				GCC_PRECOMPILE_PREFIX_HEADER = YES;
				GCC_PREFIX_HEADER = "airflick/airflick-Prefix.pch";
				GCC_PREPROCESSOR_DEFINITIONS = (
					"DEBUG=1",
					"$(inherited)",
				);
				INFOPLIST_FILE = "airflickTests/airflickTests-Info.plist";
				PRODUCT_NAME = "$(TARGET_NAME)";
				TEST_HOST = "$(BUNDLE_LOADER)";
				WRAPPER_EXTENSION = xctest;
			};
			name = Debug;
		};
		C8080C5C18E60A01002E9447 /* Release */ = {
			isa = XCBuildConfiguration;
			buildSettings = {
				BUNDLE_LOADER = "$(BUILT_PRODUCTS_DIR)/airflick.app/airflick";
				FRAMEWORK_SEARCH_PATHS = (
					"$(SDKROOT)/Developer/Library/Frameworks",
					"$(inherited)",
					"$(DEVELOPER_FRAMEWORKS_DIR)",
				);
				GCC_PRECOMPILE_PREFIX_HEADER = YES;
				GCC_PREFIX_HEADER = "airflick/airflick-Prefix.pch";
				INFOPLIST_FILE = "airflickTests/airflickTests-Info.plist";
				PRODUCT_NAME = "$(TARGET_NAME)";
				TEST_HOST = "$(BUNDLE_LOADER)";
				WRAPPER_EXTENSION = xctest;
			};
			name = Release;
		};
/* End XCBuildConfiguration section */

/* Begin XCConfigurationList section */
		C8080C2618E60A00002E9447 /* Build configuration list for PBXProject "airflick" */ = {
			isa = XCConfigurationList;
			buildConfigurations = (
				C8080C5518E60A01002E9447 /* Debug */,
				C8080C5618E60A01002E9447 /* Release */,
			);
			defaultConfigurationIsVisible = 0;
			defaultConfigurationName = Release;
		};
		C8080C5718E60A01002E9447 /* Build configuration list for PBXNativeTarget "airflick" */ = {
			isa = XCConfigurationList;
			buildConfigurations = (
				C8080C5818E60A01002E9447 /* Debug */,
				C8080C5918E60A01002E9447 /* Release */,
			);
			defaultConfigurationIsVisible = 0;
			defaultConfigurationName = Release;
		};
		C8080C5A18E60A01002E9447 /* Build configuration list for PBXNativeTarget "airflickTests" */ = {
			isa = XCConfigurationList;
			buildConfigurations = (
				C8080C5B18E60A01002E9447 /* Debug */,
				C8080C5C18E60A01002E9447 /* Release */,
			);
			defaultConfigurationIsVisible = 0;
			defaultConfigurationName = Release;
		};
/* End XCConfigurationList section */
	};
	rootObject = C8080C2318E60A00002E9447 /* Project object */;
}
